// !$*UTF8*$!
{
	archiveVersion = 1;
	classes = {
	};
	objectVersion = 56;
	objects = {

/* Begin PBXBuildFile section */
		4B37D8232AF34FCB00162043 /* AppDelegate.swift in Sources */ = {isa = PBXBuildFile; fileRef = 4B37D8222AF34FCB00162043 /* AppDelegate.swift */; };
		4B37D8252AF34FCB00162043 /* ViewController.swift in Sources */ = {isa = PBXBuildFile; fileRef = 4B37D8242AF34FCB00162043 /* ViewController.swift */; };
		4B37D8272AF34FCC00162043 /* Assets.xcassets in Resources */ = {isa = PBXBuildFile; fileRef = 4B37D8262AF34FCC00162043 /* Assets.xcassets */; };
		4B37D82A2AF34FCC00162043 /* Main.storyboard in Resources */ = {isa = PBXBuildFile; fileRef = 4B37D8282AF34FCC00162043 /* Main.storyboard */; };
		4B37D8352AF34FCC00162043 /* MonitoringTests.swift in Sources */ = {isa = PBXBuildFile; fileRef = 4B37D8342AF34FCC00162043 /* MonitoringTests.swift */; };
		4B37D83F2AF34FCC00162043 /* MonitoringUITests.swift in Sources */ = {isa = PBXBuildFile; fileRef = 4B37D83E2AF34FCC00162043 /* MonitoringUITests.swift */; };
		4B37D8412AF34FCC00162043 /* MonitoringUITestsLaunchTests.swift in Sources */ = {isa = PBXBuildFile; fileRef = 4B37D8402AF34FCC00162043 /* MonitoringUITestsLaunchTests.swift */; };
		4B37D85B2AF3507600162043 /* CaptureScreenViewModel.swift in Sources */ = {isa = PBXBuildFile; fileRef = 4B37D84E2AF3507600162043 /* CaptureScreenViewModel.swift */; };
		4B37D85C2AF3507600162043 /* AnalyzeScreenViewModel.swift in Sources */ = {isa = PBXBuildFile; fileRef = 4B37D84F2AF3507600162043 /* AnalyzeScreenViewModel.swift */; };
		4B37D85D2AF3507600162043 /* ExecuteActionViewModel.swift in Sources */ = {isa = PBXBuildFile; fileRef = 4B37D8502AF3507600162043 /* ExecuteActionViewModel.swift */; };
		4B37D85E2AF3507600162043 /* YOLOv3Tiny.mlmodel in Sources */ = {isa = PBXBuildFile; fileRef = 4B37D8522AF3507600162043 /* YOLOv3Tiny.mlmodel */; };
		4B37D85F2AF3507600162043 /* YoloService.swift in Sources */ = {isa = PBXBuildFile; fileRef = 4B37D8532AF3507600162043 /* YoloService.swift */; };
		4B37D8602AF3507600162043 /* YoloResult.swift in Sources */ = {isa = PBXBuildFile; fileRef = 4B37D8552AF3507600162043 /* YoloResult.swift */; };
		4B37D8612AF3507600162043 /* AnalyzeScreenViewController.swift in Sources */ = {isa = PBXBuildFile; fileRef = 4B37D8572AF3507600162043 /* AnalyzeScreenViewController.swift */; };
		4B37D8622AF3507600162043 /* CaptureScreenViewController.swift in Sources */ = {isa = PBXBuildFile; fileRef = 4B37D8582AF3507600162043 /* CaptureScreenViewController.swift */; };
		4B37D8632AF3507600162043 /* ExecuteActionViewController.swift in Sources */ = {isa = PBXBuildFile; fileRef = 4B37D8592AF3507600162043 /* ExecuteActionViewController.swift */; };
		4B37D8642AF3507600162043 /* MainViewController.swift in Sources */ = {isa = PBXBuildFile; fileRef = 4B37D85A2AF3507600162043 /* MainViewController.swift */; };
		4B37D97C2AF4BF3600162043 /* CodeResources in Resources */ = {isa = PBXBuildFile; fileRef = 4B37D9752AF4BF3600162043 /* CodeResources */; };
		4B37D97D2AF4BF3600162043 /* ZoomAudioDevice in Resources */ = {isa = PBXBuildFile; fileRef = 4B37D9772AF4BF3600162043 /* ZoomAudioDevice */; };
		4B37D97E2AF4BF3600162043 /* ZoomAudioIcon.icns in Resources */ = {isa = PBXBuildFile; fileRef = 4B37D9792AF4BF3600162043 /* ZoomAudioIcon.icns */; };
		4B37D97F2AF4BF3600162043 /* Localizable.strings in Resources */ = {isa = PBXBuildFile; fileRef = 4B37D97A2AF4BF3600162043 /* Localizable.strings */; };
		4B37D9802AF4BF3600162043 /* Info.plist in Resources */ = {isa = PBXBuildFile; fileRef = 4B37D97B2AF4BF3600162043 /* Info.plist */; };
/* End PBXBuildFile section */

/* Begin PBXContainerItemProxy section */
		4B37D8312AF34FCC00162043 /* PBXContainerItemProxy */ = {
			isa = PBXContainerItemProxy;
			containerPortal = 4B37D8172AF34FCB00162043 /* Project object */;
			proxyType = 1;
			remoteGlobalIDString = 4B37D81E2AF34FCB00162043;
			remoteInfo = Monitoring;
		};
		4B37D83B2AF34FCC00162043 /* PBXContainerItemProxy */ = {
			isa = PBXContainerItemProxy;
			containerPortal = 4B37D8172AF34FCB00162043 /* Project object */;
			proxyType = 1;
			remoteGlobalIDString = 4B37D81E2AF34FCB00162043;
			remoteInfo = Monitoring;
		};
/* End PBXContainerItemProxy section */

/* Begin PBXCopyFilesBuildPhase section */
		4B37D8842AF4ABE400162043 /* CopyFiles */ = {
			isa = PBXCopyFilesBuildPhase;
			buildActionMask = 12;
			dstPath = "";
			dstSubfolderSpec = 10;
			files = (
			);
			runOnlyForDeploymentPostprocessing = 0;
		};
/* End PBXCopyFilesBuildPhase section */

/* Begin PBXFileReference section */
		4B37D81F2AF34FCB00162043 /* Monitoring.app */ = {isa = PBXFileReference; explicitFileType = wrapper.application; includeInIndex = 0; path = Monitoring.app; sourceTree = BUILT_PRODUCTS_DIR; };
		4B37D8222AF34FCB00162043 /* AppDelegate.swift */ = {isa = PBXFileReference; lastKnownFileType = sourcecode.swift; path = AppDelegate.swift; sourceTree = "<group>"; };
		4B37D8242AF34FCB00162043 /* ViewController.swift */ = {isa = PBXFileReference; lastKnownFileType = sourcecode.swift; path = ViewController.swift; sourceTree = "<group>"; };
		4B37D8262AF34FCC00162043 /* Assets.xcassets */ = {isa = PBXFileReference; lastKnownFileType = folder.assetcatalog; path = Assets.xcassets; sourceTree = "<group>"; };
		4B37D8292AF34FCC00162043 /* Base */ = {isa = PBXFileReference; lastKnownFileType = file.storyboard; name = Base; path = Base.lproj/Main.storyboard; sourceTree = "<group>"; };
		4B37D82B2AF34FCC00162043 /* Monitoring.entitlements */ = {isa = PBXFileReference; lastKnownFileType = text.plist.entitlements; path = Monitoring.entitlements; sourceTree = "<group>"; };
		4B37D8302AF34FCC00162043 /* MonitoringTests.xctest */ = {isa = PBXFileReference; explicitFileType = wrapper.cfbundle; includeInIndex = 0; path = MonitoringTests.xctest; sourceTree = BUILT_PRODUCTS_DIR; };
		4B37D8342AF34FCC00162043 /* MonitoringTests.swift */ = {isa = PBXFileReference; lastKnownFileType = sourcecode.swift; path = MonitoringTests.swift; sourceTree = "<group>"; };
		4B37D83A2AF34FCC00162043 /* MonitoringUITests.xctest */ = {isa = PBXFileReference; explicitFileType = wrapper.cfbundle; includeInIndex = 0; path = MonitoringUITests.xctest; sourceTree = BUILT_PRODUCTS_DIR; };
		4B37D83E2AF34FCC00162043 /* MonitoringUITests.swift */ = {isa = PBXFileReference; lastKnownFileType = sourcecode.swift; path = MonitoringUITests.swift; sourceTree = "<group>"; };
		4B37D8402AF34FCC00162043 /* MonitoringUITestsLaunchTests.swift */ = {isa = PBXFileReference; lastKnownFileType = sourcecode.swift; path = MonitoringUITestsLaunchTests.swift; sourceTree = "<group>"; };
		4B37D84E2AF3507600162043 /* CaptureScreenViewModel.swift */ = {isa = PBXFileReference; fileEncoding = 4; lastKnownFileType = sourcecode.swift; path = CaptureScreenViewModel.swift; sourceTree = "<group>"; };
		4B37D84F2AF3507600162043 /* AnalyzeScreenViewModel.swift */ = {isa = PBXFileReference; fileEncoding = 4; lastKnownFileType = sourcecode.swift; path = AnalyzeScreenViewModel.swift; sourceTree = "<group>"; };
		4B37D8502AF3507600162043 /* ExecuteActionViewModel.swift */ = {isa = PBXFileReference; fileEncoding = 4; lastKnownFileType = sourcecode.swift; path = ExecuteActionViewModel.swift; sourceTree = "<group>"; };
		4B37D8522AF3507600162043 /* YOLOv3Tiny.mlmodel */ = {isa = PBXFileReference; lastKnownFileType = file.mlmodel; path = YOLOv3Tiny.mlmodel; sourceTree = "<group>"; };
		4B37D8532AF3507600162043 /* YoloService.swift */ = {isa = PBXFileReference; fileEncoding = 4; lastKnownFileType = sourcecode.swift; path = YoloService.swift; sourceTree = "<group>"; };
		4B37D8552AF3507600162043 /* YoloResult.swift */ = {isa = PBXFileReference; fileEncoding = 4; lastKnownFileType = sourcecode.swift; path = YoloResult.swift; sourceTree = "<group>"; };
		4B37D8572AF3507600162043 /* AnalyzeScreenViewController.swift */ = {isa = PBXFileReference; fileEncoding = 4; lastKnownFileType = sourcecode.swift; path = AnalyzeScreenViewController.swift; sourceTree = "<group>"; };
		4B37D8582AF3507600162043 /* CaptureScreenViewController.swift */ = {isa = PBXFileReference; fileEncoding = 4; lastKnownFileType = sourcecode.swift; path = CaptureScreenViewController.swift; sourceTree = "<group>"; };
		4B37D8592AF3507600162043 /* ExecuteActionViewController.swift */ = {isa = PBXFileReference; fileEncoding = 4; lastKnownFileType = sourcecode.swift; path = ExecuteActionViewController.swift; sourceTree = "<group>"; };
		4B37D85A2AF3507600162043 /* MainViewController.swift */ = {isa = PBXFileReference; fileEncoding = 4; lastKnownFileType = sourcecode.swift; path = MainViewController.swift; sourceTree = "<group>"; };
		4B37D9752AF4BF3600162043 /* CodeResources */ = {isa = PBXFileReference; fileEncoding = 4; lastKnownFileType = text.xml; path = CodeResources; sourceTree = "<group>"; };
		4B37D9772AF4BF3600162043 /* ZoomAudioDevice */ = {isa = PBXFileReference; lastKnownFileType = "compiled.mach-o.bundle"; path = ZoomAudioDevice; sourceTree = "<group>"; };
		4B37D9792AF4BF3600162043 /* ZoomAudioIcon.icns */ = {isa = PBXFileReference; lastKnownFileType = image.icns; path = ZoomAudioIcon.icns; sourceTree = "<group>"; };
		4B37D97A2AF4BF3600162043 /* Localizable.strings */ = {isa = PBXFileReference; fileEncoding = 4; lastKnownFileType = text.plist.strings; path = Localizable.strings; sourceTree = "<group>"; usesTabs = 0; };
		4B37D97B2AF4BF3600162043 /* Info.plist */ = {isa = PBXFileReference; fileEncoding = 4; lastKnownFileType = text.plist.xml; path = Info.plist; sourceTree = "<group>"; };
		4B37D9912AF4DDD200162043 /* Info.plist */ = {isa = PBXFileReference; lastKnownFileType = text.plist; path = Info.plist; sourceTree = "<group>"; };
/* End PBXFileReference section */

/* Begin PBXFrameworksBuildPhase section */
		4B37D81C2AF34FCB00162043 /* Frameworks */ = {
			isa = PBXFrameworksBuildPhase;
			buildActionMask = 2147483647;
			files = (
			);
			runOnlyForDeploymentPostprocessing = 0;
		};
		4B37D82D2AF34FCC00162043 /* Frameworks */ = {
			isa = PBXFrameworksBuildPhase;
			buildActionMask = 2147483647;
			files = (
			);
			runOnlyForDeploymentPostprocessing = 0;
		};
		4B37D8372AF34FCC00162043 /* Frameworks */ = {
			isa = PBXFrameworksBuildPhase;
			buildActionMask = 2147483647;
			files = (
			);
			runOnlyForDeploymentPostprocessing = 0;
		};
/* End PBXFrameworksBuildPhase section */

/* Begin PBXGroup section */
		4B37D8162AF34FCB00162043 = {
			isa = PBXGroup;
			children = (
				4B37D8212AF34FCB00162043 /* Monitoring */,
				4B37D8332AF34FCC00162043 /* MonitoringTests */,
				4B37D83D2AF34FCC00162043 /* MonitoringUITests */,
				4B37D8202AF34FCB00162043 /* Products */,
				4B37D8752AF4A90F00162043 /* Frameworks */,
			);
			sourceTree = "<group>";
		};
		4B37D8202AF34FCB00162043 /* Products */ = {
			isa = PBXGroup;
			children = (
				4B37D81F2AF34FCB00162043 /* Monitoring.app */,
				4B37D8302AF34FCC00162043 /* MonitoringTests.xctest */,
				4B37D83A2AF34FCC00162043 /* MonitoringUITests.xctest */,
			);
			name = Products;
			sourceTree = "<group>";
		};
		4B37D8212AF34FCB00162043 /* Monitoring */ = {
			isa = PBXGroup;
			children = (
				4B37D9912AF4DDD200162043 /* Info.plist */,
				4B37D9712AF4BF3600162043 /* Plugins */,
				4B37D8542AF3507600162043 /* Model */,
				4B37D8512AF3507600162043 /* Service */,
				4B37D8562AF3507600162043 /* ViewController */,
				4B37D84D2AF3507600162043 /* ViewModel */,
				4B37D8222AF34FCB00162043 /* AppDelegate.swift */,
				4B37D8242AF34FCB00162043 /* ViewController.swift */,
				4B37D8262AF34FCC00162043 /* Assets.xcassets */,
				4B37D8282AF34FCC00162043 /* Main.storyboard */,
				4B37D82B2AF34FCC00162043 /* Monitoring.entitlements */,
			);
			path = Monitoring;
			sourceTree = "<group>";
		};
		4B37D8332AF34FCC00162043 /* MonitoringTests */ = {
			isa = PBXGroup;
			children = (
				4B37D8342AF34FCC00162043 /* MonitoringTests.swift */,
			);
			path = MonitoringTests;
			sourceTree = "<group>";
		};
		4B37D83D2AF34FCC00162043 /* MonitoringUITests */ = {
			isa = PBXGroup;
			children = (
				4B37D83E2AF34FCC00162043 /* MonitoringUITests.swift */,
				4B37D8402AF34FCC00162043 /* MonitoringUITestsLaunchTests.swift */,
			);
			path = MonitoringUITests;
			sourceTree = "<group>";
		};
		4B37D84D2AF3507600162043 /* ViewModel */ = {
			isa = PBXGroup;
			children = (
				4B37D84E2AF3507600162043 /* CaptureScreenViewModel.swift */,
				4B37D84F2AF3507600162043 /* AnalyzeScreenViewModel.swift */,
				4B37D8502AF3507600162043 /* ExecuteActionViewModel.swift */,
			);
			path = ViewModel;
			sourceTree = "<group>";
		};
		4B37D8512AF3507600162043 /* Service */ = {
			isa = PBXGroup;
			children = (
				4B37D8522AF3507600162043 /* YOLOv3Tiny.mlmodel */,
				4B37D8532AF3507600162043 /* YoloService.swift */,
			);
			path = Service;
			sourceTree = "<group>";
		};
		4B37D8542AF3507600162043 /* Model */ = {
			isa = PBXGroup;
			children = (
				4B37D8552AF3507600162043 /* YoloResult.swift */,
			);
			path = Model;
			sourceTree = "<group>";
		};
		4B37D8562AF3507600162043 /* ViewController */ = {
			isa = PBXGroup;
			children = (
				4B37D8572AF3507600162043 /* AnalyzeScreenViewController.swift */,
				4B37D8582AF3507600162043 /* CaptureScreenViewController.swift */,
				4B37D8592AF3507600162043 /* ExecuteActionViewController.swift */,
				4B37D85A2AF3507600162043 /* MainViewController.swift */,
			);
			path = ViewController;
			sourceTree = "<group>";
		};
		4B37D8752AF4A90F00162043 /* Frameworks */ = {
			isa = PBXGroup;
			children = (
			);
			name = Frameworks;
			sourceTree = "<group>";
		};
		4B37D9712AF4BF3600162043 /* Plugins */ = {
			isa = PBXGroup;
			children = (
				4B37D9722AF4BF3600162043 /* ZoomAudioDevice.driver */,
			);
			path = Plugins;
			sourceTree = "<group>";
		};
		4B37D9722AF4BF3600162043 /* ZoomAudioDevice.driver */ = {
			isa = PBXGroup;
			children = (
				4B37D9732AF4BF3600162043 /* Contents */,
			);
			path = ZoomAudioDevice.driver;
			sourceTree = "<group>";
		};
		4B37D9732AF4BF3600162043 /* Contents */ = {
			isa = PBXGroup;
			children = (
				4B37D9742AF4BF3600162043 /* _CodeSignature */,
				4B37D9762AF4BF3600162043 /* MacOS */,
				4B37D9782AF4BF3600162043 /* Resources */,
				4B37D97B2AF4BF3600162043 /* Info.plist */,
			);
			path = Contents;
			sourceTree = "<group>";
		};
		4B37D9742AF4BF3600162043 /* _CodeSignature */ = {
			isa = PBXGroup;
			children = (
				4B37D9752AF4BF3600162043 /* CodeResources */,
			);
			path = _CodeSignature;
			sourceTree = "<group>";
		};
		4B37D9762AF4BF3600162043 /* MacOS */ = {
			isa = PBXGroup;
			children = (
				4B37D9772AF4BF3600162043 /* ZoomAudioDevice */,
			);
			path = MacOS;
			sourceTree = "<group>";
		};
		4B37D9782AF4BF3600162043 /* Resources */ = {
			isa = PBXGroup;
			children = (
				4B37D9792AF4BF3600162043 /* ZoomAudioIcon.icns */,
				4B37D97A2AF4BF3600162043 /* Localizable.strings */,
			);
			path = Resources;
			sourceTree = "<group>";
		};
/* End PBXGroup section */

/* Begin PBXNativeTarget section */
		4B37D81E2AF34FCB00162043 /* Monitoring */ = {
			isa = PBXNativeTarget;
			buildConfigurationList = 4B37D8442AF34FCC00162043 /* Build configuration list for PBXNativeTarget "Monitoring" */;
			buildPhases = (
				4B37D81B2AF34FCB00162043 /* Sources */,
				4B37D81C2AF34FCB00162043 /* Frameworks */,
				4B37D81D2AF34FCB00162043 /* Resources */,
				4B37D8842AF4ABE400162043 /* CopyFiles */,
			);
			buildRules = (
			);
			dependencies = (
			);
			name = Monitoring;
			productName = Monitoring;
			productReference = 4B37D81F2AF34FCB00162043 /* Monitoring.app */;
			productType = "com.apple.product-type.application";
		};
		4B37D82F2AF34FCC00162043 /* MonitoringTests */ = {
			isa = PBXNativeTarget;
			buildConfigurationList = 4B37D8472AF34FCC00162043 /* Build configuration list for PBXNativeTarget "MonitoringTests" */;
			buildPhases = (
				4B37D82C2AF34FCC00162043 /* Sources */,
				4B37D82D2AF34FCC00162043 /* Frameworks */,
				4B37D82E2AF34FCC00162043 /* Resources */,
			);
			buildRules = (
			);
			dependencies = (
				4B37D8322AF34FCC00162043 /* PBXTargetDependency */,
			);
			name = MonitoringTests;
			productName = MonitoringTests;
			productReference = 4B37D8302AF34FCC00162043 /* MonitoringTests.xctest */;
			productType = "com.apple.product-type.bundle.unit-test";
		};
		4B37D8392AF34FCC00162043 /* MonitoringUITests */ = {
			isa = PBXNativeTarget;
			buildConfigurationList = 4B37D84A2AF34FCC00162043 /* Build configuration list for PBXNativeTarget "MonitoringUITests" */;
			buildPhases = (
				4B37D8362AF34FCC00162043 /* Sources */,
				4B37D8372AF34FCC00162043 /* Frameworks */,
				4B37D8382AF34FCC00162043 /* Resources */,
			);
			buildRules = (
			);
			dependencies = (
				4B37D83C2AF34FCC00162043 /* PBXTargetDependency */,
			);
			name = MonitoringUITests;
			productName = MonitoringUITests;
			productReference = 4B37D83A2AF34FCC00162043 /* MonitoringUITests.xctest */;
			productType = "com.apple.product-type.bundle.ui-testing";
		};
/* End PBXNativeTarget section */

/* Begin PBXProject section */
		4B37D8172AF34FCB00162043 /* Project object */ = {
			isa = PBXProject;
			attributes = {
				BuildIndependentTargetsInParallel = 1;
				LastSwiftUpdateCheck = 1500;
				LastUpgradeCheck = 1500;
				TargetAttributes = {
					4B37D81E2AF34FCB00162043 = {
						CreatedOnToolsVersion = 15.0;
					};
					4B37D82F2AF34FCC00162043 = {
						CreatedOnToolsVersion = 15.0;
						TestTargetID = 4B37D81E2AF34FCB00162043;
					};
					4B37D8392AF34FCC00162043 = {
						CreatedOnToolsVersion = 15.0;
						TestTargetID = 4B37D81E2AF34FCB00162043;
					};
				};
			};
			buildConfigurationList = 4B37D81A2AF34FCB00162043 /* Build configuration list for PBXProject "Monitoring" */;
			compatibilityVersion = "Xcode 14.0";
			developmentRegion = en;
			hasScannedForEncodings = 0;
			knownRegions = (
				en,
				Base,
			);
			mainGroup = 4B37D8162AF34FCB00162043;
			productRefGroup = 4B37D8202AF34FCB00162043 /* Products */;
			projectDirPath = "";
			projectRoot = "";
			targets = (
				4B37D81E2AF34FCB00162043 /* Monitoring */,
				4B37D82F2AF34FCC00162043 /* MonitoringTests */,
				4B37D8392AF34FCC00162043 /* MonitoringUITests */,
			);
		};
/* End PBXProject section */

/* Begin PBXResourcesBuildPhase section */
		4B37D81D2AF34FCB00162043 /* Resources */ = {
			isa = PBXResourcesBuildPhase;
			buildActionMask = 2147483647;
			files = (
				4B37D97C2AF4BF3600162043 /* CodeResources in Resources */,
				4B37D97F2AF4BF3600162043 /* Localizable.strings in Resources */,
				4B37D97E2AF4BF3600162043 /* ZoomAudioIcon.icns in Resources */,
				4B37D8272AF34FCC00162043 /* Assets.xcassets in Resources */,
				4B37D97D2AF4BF3600162043 /* ZoomAudioDevice in Resources */,
				4B37D82A2AF34FCC00162043 /* Main.storyboard in Resources */,
				4B37D9802AF4BF3600162043 /* Info.plist in Resources */,
			);
			runOnlyForDeploymentPostprocessing = 0;
		};
		4B37D82E2AF34FCC00162043 /* Resources */ = {
			isa = PBXResourcesBuildPhase;
			buildActionMask = 2147483647;
			files = (
			);
			runOnlyForDeploymentPostprocessing = 0;
		};
		4B37D8382AF34FCC00162043 /* Resources */ = {
			isa = PBXResourcesBuildPhase;
			buildActionMask = 2147483647;
			files = (
			);
			runOnlyForDeploymentPostprocessing = 0;
		};
/* End PBXResourcesBuildPhase section */

/* Begin PBXSourcesBuildPhase section */
		4B37D81B2AF34FCB00162043 /* Sources */ = {
			isa = PBXSourcesBuildPhase;
			buildActionMask = 2147483647;
			files = (
				4B37D85B2AF3507600162043 /* CaptureScreenViewModel.swift in Sources */,
				4B37D8622AF3507600162043 /* CaptureScreenViewController.swift in Sources */,
				4B37D85F2AF3507600162043 /* YoloService.swift in Sources */,
				4B37D8642AF3507600162043 /* MainViewController.swift in Sources */,
				4B37D8252AF34FCB00162043 /* ViewController.swift in Sources */,
				4B37D8232AF34FCB00162043 /* AppDelegate.swift in Sources */,
				4B37D85D2AF3507600162043 /* ExecuteActionViewModel.swift in Sources */,
				4B37D8632AF3507600162043 /* ExecuteActionViewController.swift in Sources */,
				4B37D8602AF3507600162043 /* YoloResult.swift in Sources */,
				4B37D85E2AF3507600162043 /* YOLOv3Tiny.mlmodel in Sources */,
				4B37D8612AF3507600162043 /* AnalyzeScreenViewController.swift in Sources */,
				4B37D85C2AF3507600162043 /* AnalyzeScreenViewModel.swift in Sources */,
			);
			runOnlyForDeploymentPostprocessing = 0;
		};
		4B37D82C2AF34FCC00162043 /* Sources */ = {
			isa = PBXSourcesBuildPhase;
			buildActionMask = 2147483647;
			files = (
				4B37D8352AF34FCC00162043 /* MonitoringTests.swift in Sources */,
			);
			runOnlyForDeploymentPostprocessing = 0;
		};
		4B37D8362AF34FCC00162043 /* Sources */ = {
			isa = PBXSourcesBuildPhase;
			buildActionMask = 2147483647;
			files = (
				4B37D8412AF34FCC00162043 /* MonitoringUITestsLaunchTests.swift in Sources */,
				4B37D83F2AF34FCC00162043 /* MonitoringUITests.swift in Sources */,
			);
			runOnlyForDeploymentPostprocessing = 0;
		};
/* End PBXSourcesBuildPhase section */

/* Begin PBXTargetDependency section */
		4B37D8322AF34FCC00162043 /* PBXTargetDependency */ = {
			isa = PBXTargetDependency;
			target = 4B37D81E2AF34FCB00162043 /* Monitoring */;
			targetProxy = 4B37D8312AF34FCC00162043 /* PBXContainerItemProxy */;
		};
		4B37D83C2AF34FCC00162043 /* PBXTargetDependency */ = {
			isa = PBXTargetDependency;
			target = 4B37D81E2AF34FCB00162043 /* Monitoring */;
			targetProxy = 4B37D83B2AF34FCC00162043 /* PBXContainerItemProxy */;
		};
/* End PBXTargetDependency section */

/* Begin PBXVariantGroup section */
		4B37D8282AF34FCC00162043 /* Main.storyboard */ = {
			isa = PBXVariantGroup;
			children = (
				4B37D8292AF34FCC00162043 /* Base */,
			);
			name = Main.storyboard;
			sourceTree = "<group>";
		};
/* End PBXVariantGroup section */

/* Begin XCBuildConfiguration section */
		4B37D8422AF34FCC00162043 /* Debug */ = {
			isa = XCBuildConfiguration;
			buildSettings = {
				ALWAYS_SEARCH_USER_PATHS = NO;
				ASSETCATALOG_COMPILER_GENERATE_SWIFT_ASSET_SYMBOL_EXTENSIONS = YES;
				CLANG_ANALYZER_NONNULL = YES;
				CLANG_ANALYZER_NUMBER_OBJECT_CONVERSION = YES_AGGRESSIVE;
				CLANG_CXX_LANGUAGE_STANDARD = "gnu++20";
				CLANG_ENABLE_MODULES = YES;
				CLANG_ENABLE_OBJC_ARC = YES;
				CLANG_ENABLE_OBJC_WEAK = YES;
				CLANG_WARN_BLOCK_CAPTURE_AUTORELEASING = YES;
				CLANG_WARN_BOOL_CONVERSION = YES;
				CLANG_WARN_COMMA = YES;
				CLANG_WARN_CONSTANT_CONVERSION = YES;
				CLANG_WARN_DEPRECATED_OBJC_IMPLEMENTATIONS = YES;
				CLANG_WARN_DIRECT_OBJC_ISA_USAGE = YES_ERROR;
				CLANG_WARN_DOCUMENTATION_COMMENTS = YES;
				CLANG_WARN_EMPTY_BODY = YES;
				CLANG_WARN_ENUM_CONVERSION = YES;
				CLANG_WARN_INFINITE_RECURSION = YES;
				CLANG_WARN_INT_CONVERSION = YES;
				CLANG_WARN_NON_LITERAL_NULL_CONVERSION = YES;
				CLANG_WARN_OBJC_IMPLICIT_RETAIN_SELF = YES;
				CLANG_WARN_OBJC_LITERAL_CONVERSION = YES;
				CLANG_WARN_OBJC_ROOT_CLASS = YES_ERROR;
				CLANG_WARN_QUOTED_INCLUDE_IN_FRAMEWORK_HEADER = YES;
				CLANG_WARN_RANGE_LOOP_ANALYSIS = YES;
				CLANG_WARN_STRICT_PROTOTYPES = YES;
				CLANG_WARN_SUSPICIOUS_MOVE = YES;
				CLANG_WARN_UNGUARDED_AVAILABILITY = YES_AGGRESSIVE;
				CLANG_WARN_UNREACHABLE_CODE = YES;
				CLANG_WARN__DUPLICATE_METHOD_MATCH = YES;
				COPY_PHASE_STRIP = NO;
				DEBUG_INFORMATION_FORMAT = dwarf;
				ENABLE_STRICT_OBJC_MSGSEND = YES;
				ENABLE_TESTABILITY = YES;
				ENABLE_USER_SCRIPT_SANDBOXING = YES;
				GCC_C_LANGUAGE_STANDARD = gnu17;
				GCC_DYNAMIC_NO_PIC = NO;
				GCC_NO_COMMON_BLOCKS = YES;
				GCC_OPTIMIZATION_LEVEL = 0;
				GCC_PREPROCESSOR_DEFINITIONS = (
					"DEBUG=1",
					"$(inherited)",
				);
				GCC_WARN_64_TO_32_BIT_CONVERSION = YES;
				GCC_WARN_ABOUT_RETURN_TYPE = YES_ERROR;
				GCC_WARN_UNDECLARED_SELECTOR = YES;
				GCC_WARN_UNINITIALIZED_AUTOS = YES_AGGRESSIVE;
				GCC_WARN_UNUSED_FUNCTION = YES;
				GCC_WARN_UNUSED_VARIABLE = YES;
				LOCALIZATION_PREFERS_STRING_CATALOGS = YES;
				MACOSX_DEPLOYMENT_TARGET = 14.0;
				MTL_ENABLE_DEBUG_INFO = INCLUDE_SOURCE;
				MTL_FAST_MATH = YES;
				ONLY_ACTIVE_ARCH = YES;
				SDKROOT = macosx;
				SWIFT_ACTIVE_COMPILATION_CONDITIONS = "DEBUG $(inherited)";
				SWIFT_OPTIMIZATION_LEVEL = "-Onone";
			};
			name = Debug;
		};
		4B37D8432AF34FCC00162043 /* Release */ = {
			isa = XCBuildConfiguration;
			buildSettings = {
				ALWAYS_SEARCH_USER_PATHS = NO;
				ASSETCATALOG_COMPILER_GENERATE_SWIFT_ASSET_SYMBOL_EXTENSIONS = YES;
				CLANG_ANALYZER_NONNULL = YES;
				CLANG_ANALYZER_NUMBER_OBJECT_CONVERSION = YES_AGGRESSIVE;
				CLANG_CXX_LANGUAGE_STANDARD = "gnu++20";
				CLANG_ENABLE_MODULES = YES;
				CLANG_ENABLE_OBJC_ARC = YES;
				CLANG_ENABLE_OBJC_WEAK = YES;
				CLANG_WARN_BLOCK_CAPTURE_AUTORELEASING = YES;
				CLANG_WARN_BOOL_CONVERSION = YES;
				CLANG_WARN_COMMA = YES;
				CLANG_WARN_CONSTANT_CONVERSION = YES;
				CLANG_WARN_DEPRECATED_OBJC_IMPLEMENTATIONS = YES;
				CLANG_WARN_DIRECT_OBJC_ISA_USAGE = YES_ERROR;
				CLANG_WARN_DOCUMENTATION_COMMENTS = YES;
				CLANG_WARN_EMPTY_BODY = YES;
				CLANG_WARN_ENUM_CONVERSION = YES;
				CLANG_WARN_INFINITE_RECURSION = YES;
				CLANG_WARN_INT_CONVERSION = YES;
				CLANG_WARN_NON_LITERAL_NULL_CONVERSION = YES;
				CLANG_WARN_OBJC_IMPLICIT_RETAIN_SELF = YES;
				CLANG_WARN_OBJC_LITERAL_CONVERSION = YES;
				CLANG_WARN_OBJC_ROOT_CLASS = YES_ERROR;
				CLANG_WARN_QUOTED_INCLUDE_IN_FRAMEWORK_HEADER = YES;
				CLANG_WARN_RANGE_LOOP_ANALYSIS = YES;
				CLANG_WARN_STRICT_PROTOTYPES = YES;
				CLANG_WARN_SUSPICIOUS_MOVE = YES;
				CLANG_WARN_UNGUARDED_AVAILABILITY = YES_AGGRESSIVE;
				CLANG_WARN_UNREACHABLE_CODE = YES;
				CLANG_WARN__DUPLICATE_METHOD_MATCH = YES;
				COPY_PHASE_STRIP = NO;
				DEBUG_INFORMATION_FORMAT = "dwarf-with-dsym";
				ENABLE_NS_ASSERTIONS = NO;
				ENABLE_STRICT_OBJC_MSGSEND = YES;
				ENABLE_USER_SCRIPT_SANDBOXING = YES;
				GCC_C_LANGUAGE_STANDARD = gnu17;
				GCC_NO_COMMON_BLOCKS = YES;
				GCC_WARN_64_TO_32_BIT_CONVERSION = YES;
				GCC_WARN_ABOUT_RETURN_TYPE = YES_ERROR;
				GCC_WARN_UNDECLARED_SELECTOR = YES;
				GCC_WARN_UNINITIALIZED_AUTOS = YES_AGGRESSIVE;
				GCC_WARN_UNUSED_FUNCTION = YES;
				GCC_WARN_UNUSED_VARIABLE = YES;
				LOCALIZATION_PREFERS_STRING_CATALOGS = YES;
				MACOSX_DEPLOYMENT_TARGET = 14.0;
				MTL_ENABLE_DEBUG_INFO = NO;
				MTL_FAST_MATH = YES;
				SDKROOT = macosx;
				SWIFT_COMPILATION_MODE = wholemodule;
			};
			name = Release;
		};
		4B37D8452AF34FCC00162043 /* Debug */ = {
			isa = XCBuildConfiguration;
			buildSettings = {
				ASSETCATALOG_COMPILER_APPICON_NAME = AppIcon;
				ASSETCATALOG_COMPILER_GLOBAL_ACCENT_COLOR_NAME = AccentColor;
				CODE_SIGN_ENTITLEMENTS = Monitoring/Monitoring.entitlements;
				CODE_SIGN_STYLE = Automatic;
				COMBINE_HIDPI_IMAGES = YES;
				CURRENT_PROJECT_VERSION = 1;
				DEVELOPMENT_TEAM = VMQRF4ZA4R;
				ENABLE_HARDENED_RUNTIME = YES;
				FRAMEWORK_SEARCH_PATHS = (
					"$(inherited)",
					"$(PROJECT_DIR)/Monitoring/ZoomSDK",
				);
				GENERATE_INFOPLIST_FILE = YES;
				INFOPLIST_FILE = Monitoring/Info.plist;
				INFOPLIST_KEY_NSAppleEventsUsageDescription = "";
				INFOPLIST_KEY_NSCameraUsageDescription = "";
				INFOPLIST_KEY_NSHumanReadableCopyright = "";
				INFOPLIST_KEY_NSMainStoryboardFile = Main;
				INFOPLIST_KEY_NSMicrophoneUsageDescription = "";
				INFOPLIST_KEY_NSPrincipalClass = NSApplication;
				LD_RUNPATH_SEARCH_PATHS = (
					"$(inherited)",
					"@executable_path/../Frameworks",
				);
				LIBRARY_SEARCH_PATHS = (
					"$(inherited)",
					"$(PROJECT_DIR)/Monitoring/ZoomSDK",
				);
				MARKETING_VERSION = 1.0;
				PRODUCT_BUNDLE_IDENTIFIER = kr.youngs.Monitoring;
				PRODUCT_NAME = "$(TARGET_NAME)";
				SWIFT_EMIT_LOC_STRINGS = YES;
				SWIFT_VERSION = 5.0;
			};
			name = Debug;
		};
		4B37D8462AF34FCC00162043 /* Release */ = {
			isa = XCBuildConfiguration;
			buildSettings = {
				ASSETCATALOG_COMPILER_APPICON_NAME = AppIcon;
				ASSETCATALOG_COMPILER_GLOBAL_ACCENT_COLOR_NAME = AccentColor;
				CODE_SIGN_ENTITLEMENTS = Monitoring/Monitoring.entitlements;
				CODE_SIGN_STYLE = Automatic;
				COMBINE_HIDPI_IMAGES = YES;
				CURRENT_PROJECT_VERSION = 1;
				DEVELOPMENT_TEAM = VMQRF4ZA4R;
				ENABLE_HARDENED_RUNTIME = YES;
				FRAMEWORK_SEARCH_PATHS = (
					"$(inherited)",
					"$(PROJECT_DIR)/Monitoring/ZoomSDK",
				);
				GENERATE_INFOPLIST_FILE = YES;
				INFOPLIST_FILE = Monitoring/Info.plist;
				INFOPLIST_KEY_NSAppleEventsUsageDescription = "";
				INFOPLIST_KEY_NSCameraUsageDescription = "";
				INFOPLIST_KEY_NSHumanReadableCopyright = "";
				INFOPLIST_KEY_NSMainStoryboardFile = Main;
				INFOPLIST_KEY_NSMicrophoneUsageDescription = "";
				INFOPLIST_KEY_NSPrincipalClass = NSApplication;
				LD_RUNPATH_SEARCH_PATHS = (
					"$(inherited)",
					"@executable_path/../Frameworks",
				);
				LIBRARY_SEARCH_PATHS = (
					"$(inherited)",
					"$(PROJECT_DIR)/Monitoring/ZoomSDK",
				);
				MARKETING_VERSION = 1.0;
				PRODUCT_BUNDLE_IDENTIFIER = kr.youngs.Monitoring;
				PRODUCT_NAME = "$(TARGET_NAME)";
				SWIFT_EMIT_LOC_STRINGS = YES;
				SWIFT_VERSION = 5.0;
			};
			name = Release;
		};
		4B37D8482AF34FCC00162043 /* Debug */ = {
			isa = XCBuildConfiguration;
			buildSettings = {
				ALWAYS_EMBED_SWIFT_STANDARD_LIBRARIES = YES;
				BUNDLE_LOADER = "$(TEST_HOST)";
				CODE_SIGN_STYLE = Automatic;
				CURRENT_PROJECT_VERSION = 1;
				DEVELOPMENT_TEAM = VMQRF4ZA4R;
				GENERATE_INFOPLIST_FILE = YES;
				MACOSX_DEPLOYMENT_TARGET = 14.0;
				MARKETING_VERSION = 1.0;
				PRODUCT_BUNDLE_IDENTIFIER = kr.youngs.MonitoringTests;
				PRODUCT_NAME = "$(TARGET_NAME)";
				SWIFT_EMIT_LOC_STRINGS = NO;
				SWIFT_VERSION = 5.0;
				TEST_HOST = "$(BUILT_PRODUCTS_DIR)/Monitoring.app/$(BUNDLE_EXECUTABLE_FOLDER_PATH)/Monitoring";
			};
			name = Debug;
		};
		4B37D8492AF34FCC00162043 /* Release */ = {
			isa = XCBuildConfiguration;
			buildSettings = {
				ALWAYS_EMBED_SWIFT_STANDARD_LIBRARIES = YES;
				BUNDLE_LOADER = "$(TEST_HOST)";
				CODE_SIGN_STYLE = Automatic;
				CURRENT_PROJECT_VERSION = 1;
				DEVELOPMENT_TEAM = VMQRF4ZA4R;
				GENERATE_INFOPLIST_FILE = YES;
				MACOSX_DEPLOYMENT_TARGET = 14.0;
				MARKETING_VERSION = 1.0;
				PRODUCT_BUNDLE_IDENTIFIER = kr.youngs.MonitoringTests;
				PRODUCT_NAME = "$(TARGET_NAME)";
				SWIFT_EMIT_LOC_STRINGS = NO;
				SWIFT_VERSION = 5.0;
				TEST_HOST = "$(BUILT_PRODUCTS_DIR)/Monitoring.app/$(BUNDLE_EXECUTABLE_FOLDER_PATH)/Monitoring";
			};
			name = Release;
		};
		4B37D84B2AF34FCC00162043 /* Debug */ = {
			isa = XCBuildConfiguration;
			buildSettings = {
				ALWAYS_EMBED_SWIFT_STANDARD_LIBRARIES = YES;
				CODE_SIGN_STYLE = Automatic;
				CURRENT_PROJECT_VERSION = 1;
				DEVELOPMENT_TEAM = VMQRF4ZA4R;
				GENERATE_INFOPLIST_FILE = YES;
				MARKETING_VERSION = 1.0;
				PRODUCT_BUNDLE_IDENTIFIER = kr.youngs.MonitoringUITests;
				PRODUCT_NAME = "$(TARGET_NAME)";
				SWIFT_EMIT_LOC_STRINGS = NO;
				SWIFT_VERSION = 5.0;
				TEST_TARGET_NAME = Monitoring;
			};
			name = Debug;
		};
		4B37D84C2AF34FCC00162043 /* Release */ = {
			isa = XCBuildConfiguration;
			buildSettings = {
				ALWAYS_EMBED_SWIFT_STANDARD_LIBRARIES = YES;
				CODE_SIGN_STYLE = Automatic;
				CURRENT_PROJECT_VERSION = 1;
				DEVELOPMENT_TEAM = VMQRF4ZA4R;
				GENERATE_INFOPLIST_FILE = YES;
				MARKETING_VERSION = 1.0;
				PRODUCT_BUNDLE_IDENTIFIER = kr.youngs.MonitoringUITests;
				PRODUCT_NAME = "$(TARGET_NAME)";
				SWIFT_EMIT_LOC_STRINGS = NO;
				SWIFT_VERSION = 5.0;
				TEST_TARGET_NAME = Monitoring;
			};
			name = Release;
		};
/* End XCBuildConfiguration section */

/* Begin XCConfigurationList section */
		4B37D81A2AF34FCB00162043 /* Build configuration list for PBXProject "Monitoring" */ = {
			isa = XCConfigurationList;
			buildConfigurations = (
				4B37D8422AF34FCC00162043 /* Debug */,
				4B37D8432AF34FCC00162043 /* Release */,
			);
			defaultConfigurationIsVisible = 0;
			defaultConfigurationName = Release;
		};
		4B37D8442AF34FCC00162043 /* Build configuration list for PBXNativeTarget "Monitoring" */ = {
			isa = XCConfigurationList;
			buildConfigurations = (
				4B37D8452AF34FCC00162043 /* Debug */,
				4B37D8462AF34FCC00162043 /* Release */,
			);
			defaultConfigurationIsVisible = 0;
			defaultConfigurationName = Release;
		};
		4B37D8472AF34FCC00162043 /* Build configuration list for PBXNativeTarget "MonitoringTests" */ = {
			isa = XCConfigurationList;
			buildConfigurations = (
				4B37D8482AF34FCC00162043 /* Debug */,
				4B37D8492AF34FCC00162043 /* Release */,
			);
			defaultConfigurationIsVisible = 0;
			defaultConfigurationName = Release;
		};
		4B37D84A2AF34FCC00162043 /* Build configuration list for PBXNativeTarget "MonitoringUITests" */ = {
			isa = XCConfigurationList;
			buildConfigurations = (
				4B37D84B2AF34FCC00162043 /* Debug */,
				4B37D84C2AF34FCC00162043 /* Release */,
			);
			defaultConfigurationIsVisible = 0;
			defaultConfigurationName = Release;
		};
/* End XCConfigurationList section */
	};
	rootObject = 4B37D8172AF34FCB00162043 /* Project object */;
}
